
Microsoft Visual Studio Solution File, Format Version 12.00
# Visual Studio Version 16
VisualStudioVersion = 16.0.30204.135
MinimumVisualStudioVersion = 10.0.40219.1
Project("{FAE04EC0-301F-11D3-BF4B-00C04F79EFBC}") = "MaterialData", "MaterialData\MaterialData.csproj", "{D2DF11DE-032B-4984-9429-F7EB366C89DA}"
EndProject
Project("{9A19103F-16F7-4668-BE54-9A1E7A4F7556}") = "MaterialREST", "MaterialREST\MaterialREST.csproj", "{8463CC7E-9404-4D2C-965A-E4D8FAACD7EB}"
EndProject
Project("{FAE04EC0-301F-11D3-BF4B-00C04F79EFBC}") = "MaterialLogic", "MaterialLogic\MaterialLogic.csproj", "{FD1CDAA7-F89C-42F1-A849-0E1DB2DFB4ED}"
EndProject
Global
	GlobalSection(SolutionConfigurationPlatforms) = preSolution
		Debug|Any CPU = Debug|Any CPU
		Release|Any CPU = Release|Any CPU
	EndGlobalSection
	GlobalSection(ProjectConfigurationPlatforms) = postSolution
		{D2DF11DE-032B-4984-9429-F7EB366C89DA}.Debug|Any CPU.ActiveCfg = Debug|Any CPU
		{D2DF11DE-032B-4984-9429-F7EB366C89DA}.Debug|Any CPU.Build.0 = Debug|Any CPU
		{D2DF11DE-032B-4984-9429-F7EB366C89DA}.Release|Any CPU.ActiveCfg = Release|Any CPU
		{D2DF11DE-032B-4984-9429-F7EB366C89DA}.Release|Any CPU.Build.0 = Release|Any CPU
		{8463CC7E-9404-4D2C-965A-E4D8FAACD7EB}.Debug|Any CPU.ActiveCfg = Debug|Any CPU
		{8463CC7E-9404-4D2C-965A-E4D8FAACD7EB}.Debug|Any CPU.Build.0 = Debug|Any CPU
		{8463CC7E-9404-4D2C-965A-E4D8FAACD7EB}.Release|Any CPU.ActiveCfg = Release|Any CPU
		{8463CC7E-9404-4D2C-965A-E4D8FAACD7EB}.Release|Any CPU.Build.0 = Release|Any CPU
		{FD1CDAA7-F89C-42F1-A849-0E1DB2DFB4ED}.Debug|Any CPU.ActiveCfg = Debug|Any CPU
		{FD1CDAA7-F89C-42F1-A849-0E1DB2DFB4ED}.Debug|Any CPU.Build.0 = Debug|Any CPU
		{FD1CDAA7-F89C-42F1-A849-0E1DB2DFB4ED}.Release|Any CPU.ActiveCfg = Release|Any CPU
		{FD1CDAA7-F89C-42F1-A849-0E1DB2DFB4ED}.Release|Any CPU.Build.0 = Release|Any CPU
	EndGlobalSection
	GlobalSection(SolutionProperties) = preSolution
		HideSolutionNode = FALSE
	EndGlobalSection
	GlobalSection(ExtensibilityGlobals) = postSolution
		SolutionGuid = {5658176A-D479-4CB8-BEE4-548D8A25F098}
	EndGlobalSection
EndGlobal
